// !$*UTF8*$!
{
	archiveVersion = 1;
	classes = {
	};
	objectVersion = 46;
	objects = {

/* Begin PBXBuildFile section */
		1E1A73621CBD80AD007ECEEB /* Garden.swift in Sources */ = {isa = PBXBuildFile; fileRef = 1E1A73611CBD80AD007ECEEB /* Garden.swift */; };
		1E1A73681CBD8A51007ECEEB /* MapKit.framework in Frameworks */ = {isa = PBXBuildFile; fileRef = 1E1A73671CBD8A51007ECEEB /* MapKit.framework */; };
		1E3737BB1CBFAF600097ADC1 /* City.swift in Sources */ = {isa = PBXBuildFile; fileRef = 1E3737BA1CBFAF600097ADC1 /* City.swift */; };
		1E3B3AA11CBD770A00A69CDD /* CityMapViewController.swift in Sources */ = {isa = PBXBuildFile; fileRef = 1E3B3AA01CBD770A00A69CDD /* CityMapViewController.swift */; };
		1E4ACE371CBED294006011C7 /* GardenListViewController.swift in Sources */ = {isa = PBXBuildFile; fileRef = 1E4ACE361CBED294006011C7 /* GardenListViewController.swift */; };
		1E6975DA1CC4C11F0096E811 /* ParcelListViewController.swift in Sources */ = {isa = PBXBuildFile; fileRef = 1E6975D91CC4C11F0096E811 /* ParcelListViewController.swift */; };
		1E6975E01CC4C58E0096E811 /* Association.swift in Sources */ = {isa = PBXBuildFile; fileRef = 1E6975DB1CC4C58E0096E811 /* Association.swift */; };
		1E6975E11CC4C58E0096E811 /* Parcel.swift in Sources */ = {isa = PBXBuildFile; fileRef = 1E6975DC1CC4C58E0096E811 /* Parcel.swift */; };
		1E6975E21CC4C58E0096E811 /* Parcelhasvegetables.swift in Sources */ = {isa = PBXBuildFile; fileRef = 1E6975DD1CC4C58E0096E811 /* Parcelhasvegetables.swift */; };
		1E6975E31CC4C58E0096E811 /* Vegetable.swift in Sources */ = {isa = PBXBuildFile; fileRef = 1E6975DE1CC4C58E0096E811 /* Vegetable.swift */; };
		1E6975E41CC4C58E0096E811 /* Waitlist.swift in Sources */ = {isa = PBXBuildFile; fileRef = 1E6975DF1CC4C58E0096E811 /* Waitlist.swift */; };
		1E6975E61CC4CD520096E811 /* ParcelDetailViewController.swift in Sources */ = {isa = PBXBuildFile; fileRef = 1E6975E51CC4CD520096E811 /* ParcelDetailViewController.swift */; };
		1E6975E91CC500050096E811 /* ParcelTableViewCell.swift in Sources */ = {isa = PBXBuildFile; fileRef = 1E6975E81CC500050096E811 /* ParcelTableViewCell.swift */; };
		1E6975EE1CC51ABB0096E811 /* AddVegetableViewController.swift in Sources */ = {isa = PBXBuildFile; fileRef = 1E6975ED1CC51ABB0096E811 /* AddVegetableViewController.swift */; };
		1E6975F01CC51F650096E811 /* MapAnnotation.swift in Sources */ = {isa = PBXBuildFile; fileRef = 1E6975EF1CC51F650096E811 /* MapAnnotation.swift */; };
		1E7B2F971CBBA78500DF7657 /* AppDelegate.swift in Sources */ = {isa = PBXBuildFile; fileRef = 1E7B2F961CBBA78500DF7657 /* AppDelegate.swift */; };
		1E7B2F9C1CBBA78600DF7657 /* Main.storyboard in Resources */ = {isa = PBXBuildFile; fileRef = 1E7B2F9A1CBBA78600DF7657 /* Main.storyboard */; };
		1E7B2F9E1CBBA78600DF7657 /* Assets.xcassets in Resources */ = {isa = PBXBuildFile; fileRef = 1E7B2F9D1CBBA78600DF7657 /* Assets.xcassets */; };
		1E7B2FA11CBBA78600DF7657 /* LaunchScreen.storyboard in Resources */ = {isa = PBXBuildFile; fileRef = 1E7B2F9F1CBBA78600DF7657 /* LaunchScreen.storyboard */; };
		1E7B2FAC1CBBA78600DF7657 /* WicaAppTests.swift in Sources */ = {isa = PBXBuildFile; fileRef = 1E7B2FAB1CBBA78600DF7657 /* WicaAppTests.swift */; };
		1E7B2FB71CBBA78600DF7657 /* WicaAppUITests.swift in Sources */ = {isa = PBXBuildFile; fileRef = 1E7B2FB61CBBA78600DF7657 /* WicaAppUITests.swift */; };
		1E7B2FC71CBBB16D00DF7657 /* AddUserViewController.swift in Sources */ = {isa = PBXBuildFile; fileRef = 1E7B2FC61CBBB16D00DF7657 /* AddUserViewController.swift */; };
		1E7B2FCA1CBBC8E100DF7657 /* WebServiceHandler.swift in Sources */ = {isa = PBXBuildFile; fileRef = 1E7B2FC91CBBC8E100DF7657 /* WebServiceHandler.swift */; };
		D3B0E23FD3C7CA644A894BE9 /* Pods.framework in Frameworks */ = {isa = PBXBuildFile; fileRef = DF8E5F1E89BB79AD0018DAF8 /* Pods.framework */; };
/* End PBXBuildFile section */

/* Begin PBXContainerItemProxy section */
		1E7B2FA81CBBA78600DF7657 /* PBXContainerItemProxy */ = {
			isa = PBXContainerItemProxy;
			containerPortal = 1E7B2F8B1CBBA78500DF7657 /* Project object */;
			proxyType = 1;
			remoteGlobalIDString = 1E7B2F921CBBA78500DF7657;
			remoteInfo = WicaApp;
		};
		1E7B2FB31CBBA78600DF7657 /* PBXContainerItemProxy */ = {
			isa = PBXContainerItemProxy;
			containerPortal = 1E7B2F8B1CBBA78500DF7657 /* Project object */;
			proxyType = 1;
			remoteGlobalIDString = 1E7B2F921CBBA78500DF7657;
			remoteInfo = WicaApp;
		};
/* End PBXContainerItemProxy section */

/* Begin PBXFileReference section */
		1E1A73611CBD80AD007ECEEB /* Garden.swift */ = {isa = PBXFileReference; fileEncoding = 4; lastKnownFileType = sourcecode.swift; path = Garden.swift; sourceTree = "<group>"; };
		1E1A73671CBD8A51007ECEEB /* MapKit.framework */ = {isa = PBXFileReference; lastKnownFileType = wrapper.framework; name = MapKit.framework; path = System/Library/Frameworks/MapKit.framework; sourceTree = SDKROOT; };
		1E3737BA1CBFAF600097ADC1 /* City.swift */ = {isa = PBXFileReference; fileEncoding = 4; lastKnownFileType = sourcecode.swift; path = City.swift; sourceTree = "<group>"; };
		1E3B3AA01CBD770A00A69CDD /* CityMapViewController.swift */ = {isa = PBXFileReference; fileEncoding = 4; lastKnownFileType = sourcecode.swift; path = CityMapViewController.swift; sourceTree = "<group>"; };
		1E4ACE361CBED294006011C7 /* GardenListViewController.swift */ = {isa = PBXFileReference; fileEncoding = 4; lastKnownFileType = sourcecode.swift; path = GardenListViewController.swift; sourceTree = "<group>"; };
		1E6975D91CC4C11F0096E811 /* ParcelListViewController.swift */ = {isa = PBXFileReference; fileEncoding = 4; lastKnownFileType = sourcecode.swift; path = ParcelListViewController.swift; sourceTree = "<group>"; };
		1E6975DB1CC4C58E0096E811 /* Association.swift */ = {isa = PBXFileReference; fileEncoding = 4; lastKnownFileType = sourcecode.swift; path = Association.swift; sourceTree = "<group>"; };
		1E6975DC1CC4C58E0096E811 /* Parcel.swift */ = {isa = PBXFileReference; fileEncoding = 4; lastKnownFileType = sourcecode.swift; path = Parcel.swift; sourceTree = "<group>"; };
		1E6975DD1CC4C58E0096E811 /* Parcelhasvegetables.swift */ = {isa = PBXFileReference; fileEncoding = 4; lastKnownFileType = sourcecode.swift; path = Parcelhasvegetables.swift; sourceTree = "<group>"; };
		1E6975DE1CC4C58E0096E811 /* Vegetable.swift */ = {isa = PBXFileReference; fileEncoding = 4; lastKnownFileType = sourcecode.swift; path = Vegetable.swift; sourceTree = "<group>"; };
		1E6975DF1CC4C58E0096E811 /* Waitlist.swift */ = {isa = PBXFileReference; fileEncoding = 4; lastKnownFileType = sourcecode.swift; path = Waitlist.swift; sourceTree = "<group>"; };
		1E6975E51CC4CD520096E811 /* ParcelDetailViewController.swift */ = {isa = PBXFileReference; fileEncoding = 4; lastKnownFileType = sourcecode.swift; path = ParcelDetailViewController.swift; sourceTree = "<group>"; };
		1E6975E81CC500050096E811 /* ParcelTableViewCell.swift */ = {isa = PBXFileReference; fileEncoding = 4; lastKnownFileType = sourcecode.swift; path = ParcelTableViewCell.swift; sourceTree = "<group>"; };
		1E6975ED1CC51ABB0096E811 /* AddVegetableViewController.swift */ = {isa = PBXFileReference; fileEncoding = 4; lastKnownFileType = sourcecode.swift; path = AddVegetableViewController.swift; sourceTree = "<group>"; };
		1E6975EF1CC51F650096E811 /* MapAnnotation.swift */ = {isa = PBXFileReference; fileEncoding = 4; lastKnownFileType = sourcecode.swift; path = MapAnnotation.swift; sourceTree = "<group>"; };
		1E7B2F931CBBA78500DF7657 /* WicaApp.app */ = {isa = PBXFileReference; explicitFileType = wrapper.application; includeInIndex = 0; path = WicaApp.app; sourceTree = BUILT_PRODUCTS_DIR; };
		1E7B2F961CBBA78500DF7657 /* AppDelegate.swift */ = {isa = PBXFileReference; lastKnownFileType = sourcecode.swift; path = AppDelegate.swift; sourceTree = "<group>"; };
		1E7B2F9B1CBBA78600DF7657 /* Base */ = {isa = PBXFileReference; lastKnownFileType = file.storyboard; name = Base; path = Base.lproj/Main.storyboard; sourceTree = "<group>"; };
		1E7B2F9D1CBBA78600DF7657 /* Assets.xcassets */ = {isa = PBXFileReference; lastKnownFileType = folder.assetcatalog; path = Assets.xcassets; sourceTree = "<group>"; };
		1E7B2FA01CBBA78600DF7657 /* Base */ = {isa = PBXFileReference; lastKnownFileType = file.storyboard; name = Base; path = Base.lproj/LaunchScreen.storyboard; sourceTree = "<group>"; };
		1E7B2FA21CBBA78600DF7657 /* Info.plist */ = {isa = PBXFileReference; lastKnownFileType = text.plist.xml; path = Info.plist; sourceTree = "<group>"; };
		1E7B2FA71CBBA78600DF7657 /* WicaAppTests.xctest */ = {isa = PBXFileReference; explicitFileType = wrapper.cfbundle; includeInIndex = 0; path = WicaAppTests.xctest; sourceTree = BUILT_PRODUCTS_DIR; };
		1E7B2FAB1CBBA78600DF7657 /* WicaAppTests.swift */ = {isa = PBXFileReference; lastKnownFileType = sourcecode.swift; path = WicaAppTests.swift; sourceTree = "<group>"; };
		1E7B2FAD1CBBA78600DF7657 /* Info.plist */ = {isa = PBXFileReference; lastKnownFileType = text.plist.xml; path = Info.plist; sourceTree = "<group>"; };
		1E7B2FB21CBBA78600DF7657 /* WicaAppUITests.xctest */ = {isa = PBXFileReference; explicitFileType = wrapper.cfbundle; includeInIndex = 0; path = WicaAppUITests.xctest; sourceTree = BUILT_PRODUCTS_DIR; };
		1E7B2FB61CBBA78600DF7657 /* WicaAppUITests.swift */ = {isa = PBXFileReference; lastKnownFileType = sourcecode.swift; path = WicaAppUITests.swift; sourceTree = "<group>"; };
		1E7B2FB81CBBA78600DF7657 /* Info.plist */ = {isa = PBXFileReference; lastKnownFileType = text.plist.xml; path = Info.plist; sourceTree = "<group>"; };
		1E7B2FC61CBBB16D00DF7657 /* AddUserViewController.swift */ = {isa = PBXFileReference; fileEncoding = 4; lastKnownFileType = sourcecode.swift; path = AddUserViewController.swift; sourceTree = "<group>"; };
		1E7B2FC91CBBC8E100DF7657 /* WebServiceHandler.swift */ = {isa = PBXFileReference; fileEncoding = 4; lastKnownFileType = sourcecode.swift; path = WebServiceHandler.swift; sourceTree = "<group>"; };
		4542F102AD312FD35E3985EE /* Pods.release.xcconfig */ = {isa = PBXFileReference; includeInIndex = 1; lastKnownFileType = text.xcconfig; name = Pods.release.xcconfig; path = "Pods/Target Support Files/Pods/Pods.release.xcconfig"; sourceTree = "<group>"; };
		6DB39D369B7DA439D060D169 /* Pods.debug.xcconfig */ = {isa = PBXFileReference; includeInIndex = 1; lastKnownFileType = text.xcconfig; name = Pods.debug.xcconfig; path = "Pods/Target Support Files/Pods/Pods.debug.xcconfig"; sourceTree = "<group>"; };
		DF8E5F1E89BB79AD0018DAF8 /* Pods.framework */ = {isa = PBXFileReference; explicitFileType = wrapper.framework; includeInIndex = 0; path = Pods.framework; sourceTree = BUILT_PRODUCTS_DIR; };
/* End PBXFileReference section */

/* Begin PBXFrameworksBuildPhase section */
		1E7B2F901CBBA78500DF7657 /* Frameworks */ = {
			isa = PBXFrameworksBuildPhase;
			buildActionMask = 2147483647;
			files = (
				1E1A73681CBD8A51007ECEEB /* MapKit.framework in Frameworks */,
				D3B0E23FD3C7CA644A894BE9 /* Pods.framework in Frameworks */,
			);
			runOnlyForDeploymentPostprocessing = 0;
		};
		1E7B2FA41CBBA78600DF7657 /* Frameworks */ = {
			isa = PBXFrameworksBuildPhase;
			buildActionMask = 2147483647;
			files = (
			);
			runOnlyForDeploymentPostprocessing = 0;
		};
		1E7B2FAF1CBBA78600DF7657 /* Frameworks */ = {
			isa = PBXFrameworksBuildPhase;
			buildActionMask = 2147483647;
			files = (
			);
			runOnlyForDeploymentPostprocessing = 0;
		};
/* End PBXFrameworksBuildPhase section */

/* Begin PBXGroup section */
		1E6975E71CC4FF920096E811 /* UI Custom Items */ = {
			isa = PBXGroup;
			children = (
				1E6975E81CC500050096E811 /* ParcelTableViewCell.swift */,
			);
			name = "UI Custom Items";
			sourceTree = "<group>";
		};
		1E6975EA1CC518470096E811 /* Garden */ = {
			isa = PBXGroup;
			children = (
				1E3B3AA01CBD770A00A69CDD /* CityMapViewController.swift */,
				1E4ACE361CBED294006011C7 /* GardenListViewController.swift */,
				1E6975D91CC4C11F0096E811 /* ParcelListViewController.swift */,
				1E6975E51CC4CD520096E811 /* ParcelDetailViewController.swift */,
			);
			name = Garden;
			sourceTree = "<group>";
		};
		1E6975EB1CC5185A0096E811 /* Account */ = {
			isa = PBXGroup;
			children = (
				1E6975ED1CC51ABB0096E811 /* AddVegetableViewController.swift */,
			);
			name = Account;
			sourceTree = "<group>";
		};
		1E6975EC1CC518780096E811 /* Wiki */ = {
			isa = PBXGroup;
			children = (
			);
			name = Wiki;
			sourceTree = "<group>";
		};
		1E7B2F8A1CBBA78500DF7657 = {
			isa = PBXGroup;
			children = (
				1E7B2F951CBBA78500DF7657 /* WicaApp */,
				1E7B2FAA1CBBA78600DF7657 /* WicaAppTests */,
				1E7B2FB51CBBA78600DF7657 /* WicaAppUITests */,
				1E7B2F941CBBA78500DF7657 /* Products */,
				7025E47765EC83AC362D312C /* Pods */,
				F467FDB21E79A5B7F90CB222 /* Frameworks */,
			);
			sourceTree = "<group>";
		};
		1E7B2F941CBBA78500DF7657 /* Products */ = {
			isa = PBXGroup;
			children = (
				1E7B2F931CBBA78500DF7657 /* WicaApp.app */,
				1E7B2FA71CBBA78600DF7657 /* WicaAppTests.xctest */,
				1E7B2FB21CBBA78600DF7657 /* WicaAppUITests.xctest */,
			);
			name = Products;
			sourceTree = "<group>";
		};
		1E7B2F951CBBA78500DF7657 /* WicaApp */ = {
			isa = PBXGroup;
			children = (
				1E6975E71CC4FF920096E811 /* UI Custom Items */,
				1E7B2FC81CBBC8B600DF7657 /* WebService */,
				1E7B2FC51CBBA91400DF7657 /* Models */,
				1E7B2FC41CBBA90900DF7657 /* ViewControllers */,
				1E7B2F961CBBA78500DF7657 /* AppDelegate.swift */,
				1E7B2F9A1CBBA78600DF7657 /* Main.storyboard */,
				1E7B2F9D1CBBA78600DF7657 /* Assets.xcassets */,
				1E7B2F9F1CBBA78600DF7657 /* LaunchScreen.storyboard */,
				1E7B2FA21CBBA78600DF7657 /* Info.plist */,
			);
			path = WicaApp;
			sourceTree = "<group>";
		};
		1E7B2FAA1CBBA78600DF7657 /* WicaAppTests */ = {
			isa = PBXGroup;
			children = (
				1E7B2FAB1CBBA78600DF7657 /* WicaAppTests.swift */,
				1E7B2FAD1CBBA78600DF7657 /* Info.plist */,
			);
			path = WicaAppTests;
			sourceTree = "<group>";
		};
		1E7B2FB51CBBA78600DF7657 /* WicaAppUITests */ = {
			isa = PBXGroup;
			children = (
				1E7B2FB61CBBA78600DF7657 /* WicaAppUITests.swift */,
				1E7B2FB81CBBA78600DF7657 /* Info.plist */,
			);
			path = WicaAppUITests;
			sourceTree = "<group>";
		};
		1E7B2FC41CBBA90900DF7657 /* ViewControllers */ = {
			isa = PBXGroup;
			children = (
				1E7B2FC61CBBB16D00DF7657 /* AddUserViewController.swift */,
				1E6975EA1CC518470096E811 /* Garden */,
				1E6975EB1CC5185A0096E811 /* Account */,
				1E6975EC1CC518780096E811 /* Wiki */,
			);
			name = ViewControllers;
			sourceTree = "<group>";
		};
		1E7B2FC51CBBA91400DF7657 /* Models */ = {
			isa = PBXGroup;
			children = (
				1E6975EF1CC51F650096E811 /* MapAnnotation.swift */,
				1E1A73611CBD80AD007ECEEB /* Garden.swift */,
				1E3737BA1CBFAF600097ADC1 /* City.swift */,
				1E6975DB1CC4C58E0096E811 /* Association.swift */,
				1E6975DC1CC4C58E0096E811 /* Parcel.swift */,
				1E6975DD1CC4C58E0096E811 /* Parcelhasvegetables.swift */,
				1E6975DE1CC4C58E0096E811 /* Vegetable.swift */,
				1E6975DF1CC4C58E0096E811 /* Waitlist.swift */,
			);
			name = Models;
			sourceTree = "<group>";
		};
		1E7B2FC81CBBC8B600DF7657 /* WebService */ = {
			isa = PBXGroup;
			children = (
				1E7B2FC91CBBC8E100DF7657 /* WebServiceHandler.swift */,
			);
			name = WebService;
			sourceTree = "<group>";
		};
		7025E47765EC83AC362D312C /* Pods */ = {
			isa = PBXGroup;
			children = (
				6DB39D369B7DA439D060D169 /* Pods.debug.xcconfig */,
				4542F102AD312FD35E3985EE /* Pods.release.xcconfig */,
			);
			name = Pods;
			sourceTree = "<group>";
		};
		F467FDB21E79A5B7F90CB222 /* Frameworks */ = {
			isa = PBXGroup;
			children = (
				1E1A73671CBD8A51007ECEEB /* MapKit.framework */,
				DF8E5F1E89BB79AD0018DAF8 /* Pods.framework */,
			);
			name = Frameworks;
			sourceTree = "<group>";
		};
/* End PBXGroup section */

/* Begin PBXNativeTarget section */
		1E7B2F921CBBA78500DF7657 /* WicaApp */ = {
			isa = PBXNativeTarget;
			buildConfigurationList = 1E7B2FBB1CBBA78600DF7657 /* Build configuration list for PBXNativeTarget "WicaApp" */;
			buildPhases = (
				0E6FF0460D8A2DA15BBE7B86 /* Check Pods Manifest.lock */,
				1E7B2F8F1CBBA78500DF7657 /* Sources */,
				1E7B2F901CBBA78500DF7657 /* Frameworks */,
				1E7B2F911CBBA78500DF7657 /* Resources */,
				78D1A4F017486C95A4E37721 /* Embed Pods Frameworks */,
				2FCC15D5C6C6391688F872D0 /* Copy Pods Resources */,
			);
			buildRules = (
			);
			dependencies = (
			);
			name = WicaApp;
			productName = WicaApp;
			productReference = 1E7B2F931CBBA78500DF7657 /* WicaApp.app */;
			productType = "com.apple.product-type.application";
		};
		1E7B2FA61CBBA78600DF7657 /* WicaAppTests */ = {
			isa = PBXNativeTarget;
			buildConfigurationList = 1E7B2FBE1CBBA78600DF7657 /* Build configuration list for PBXNativeTarget "WicaAppTests" */;
			buildPhases = (
				1E7B2FA31CBBA78600DF7657 /* Sources */,
				1E7B2FA41CBBA78600DF7657 /* Frameworks */,
				1E7B2FA51CBBA78600DF7657 /* Resources */,
			);
			buildRules = (
			);
			dependencies = (
				1E7B2FA91CBBA78600DF7657 /* PBXTargetDependency */,
			);
			name = WicaAppTests;
			productName = WicaAppTests;
			productReference = 1E7B2FA71CBBA78600DF7657 /* WicaAppTests.xctest */;
			productType = "com.apple.product-type.bundle.unit-test";
		};
		1E7B2FB11CBBA78600DF7657 /* WicaAppUITests */ = {
			isa = PBXNativeTarget;
			buildConfigurationList = 1E7B2FC11CBBA78600DF7657 /* Build configuration list for PBXNativeTarget "WicaAppUITests" */;
			buildPhases = (
				1E7B2FAE1CBBA78600DF7657 /* Sources */,
				1E7B2FAF1CBBA78600DF7657 /* Frameworks */,
				1E7B2FB01CBBA78600DF7657 /* Resources */,
			);
			buildRules = (
			);
			dependencies = (
				1E7B2FB41CBBA78600DF7657 /* PBXTargetDependency */,
			);
			name = WicaAppUITests;
			productName = WicaAppUITests;
			productReference = 1E7B2FB21CBBA78600DF7657 /* WicaAppUITests.xctest */;
			productType = "com.apple.product-type.bundle.ui-testing";
		};
/* End PBXNativeTarget section */

/* Begin PBXProject section */
		1E7B2F8B1CBBA78500DF7657 /* Project object */ = {
			isa = PBXProject;
			attributes = {
				LastSwiftUpdateCheck = 0730;
				LastUpgradeCheck = 0730;
				ORGANIZATIONNAME = "Johann Berthet";
				TargetAttributes = {
					1E7B2F921CBBA78500DF7657 = {
						CreatedOnToolsVersion = 7.3;
						SystemCapabilities = {
							com.apple.Maps.iOS = {
								enabled = 1;
							};
						};
					};
					1E7B2FA61CBBA78600DF7657 = {
						CreatedOnToolsVersion = 7.3;
						TestTargetID = 1E7B2F921CBBA78500DF7657;
					};
					1E7B2FB11CBBA78600DF7657 = {
						CreatedOnToolsVersion = 7.3;
						TestTargetID = 1E7B2F921CBBA78500DF7657;
					};
				};
			};
			buildConfigurationList = 1E7B2F8E1CBBA78500DF7657 /* Build configuration list for PBXProject "WicaApp" */;
			compatibilityVersion = "Xcode 3.2";
			developmentRegion = English;
			hasScannedForEncodings = 0;
			knownRegions = (
				en,
				Base,
			);
			mainGroup = 1E7B2F8A1CBBA78500DF7657;
			productRefGroup = 1E7B2F941CBBA78500DF7657 /* Products */;
			projectDirPath = "";
			projectRoot = "";
			targets = (
				1E7B2F921CBBA78500DF7657 /* WicaApp */,
				1E7B2FA61CBBA78600DF7657 /* WicaAppTests */,
				1E7B2FB11CBBA78600DF7657 /* WicaAppUITests */,
			);
		};
/* End PBXProject section */

/* Begin PBXResourcesBuildPhase section */
		1E7B2F911CBBA78500DF7657 /* Resources */ = {
			isa = PBXResourcesBuildPhase;
			buildActionMask = 2147483647;
			files = (
				1E7B2FA11CBBA78600DF7657 /* LaunchScreen.storyboard in Resources */,
				1E7B2F9E1CBBA78600DF7657 /* Assets.xcassets in Resources */,
				1E7B2F9C1CBBA78600DF7657 /* Main.storyboard in Resources */,
			);
			runOnlyForDeploymentPostprocessing = 0;
		};
		1E7B2FA51CBBA78600DF7657 /* Resources */ = {
			isa = PBXResourcesBuildPhase;
			buildActionMask = 2147483647;
			files = (
			);
			runOnlyForDeploymentPostprocessing = 0;
		};
		1E7B2FB01CBBA78600DF7657 /* Resources */ = {
			isa = PBXResourcesBuildPhase;
			buildActionMask = 2147483647;
			files = (
			);
			runOnlyForDeploymentPostprocessing = 0;
		};
/* End PBXResourcesBuildPhase section */

/* Begin PBXShellScriptBuildPhase section */
		0E6FF0460D8A2DA15BBE7B86 /* Check Pods Manifest.lock */ = {
			isa = PBXShellScriptBuildPhase;
			buildActionMask = 2147483647;
			files = (
			);
			inputPaths = (
			);
			name = "Check Pods Manifest.lock";
			outputPaths = (
			);
			runOnlyForDeploymentPostprocessing = 0;
			shellPath = /bin/sh;
			shellScript = "diff \"${PODS_ROOT}/../Podfile.lock\" \"${PODS_ROOT}/Manifest.lock\" > /dev/null\nif [[ $? != 0 ]] ; then\n    cat << EOM\nerror: The sandbox is not in sync with the Podfile.lock. Run 'pod install' or update your CocoaPods installation.\nEOM\n    exit 1\nfi\n";
			showEnvVarsInLog = 0;
		};
		2FCC15D5C6C6391688F872D0 /* Copy Pods Resources */ = {
			isa = PBXShellScriptBuildPhase;
			buildActionMask = 2147483647;
			files = (
			);
			inputPaths = (
			);
			name = "Copy Pods Resources";
			outputPaths = (
			);
			runOnlyForDeploymentPostprocessing = 0;
			shellPath = /bin/sh;
			shellScript = "\"${SRCROOT}/Pods/Target Support Files/Pods/Pods-resources.sh\"\n";
			showEnvVarsInLog = 0;
		};
		78D1A4F017486C95A4E37721 /* Embed Pods Frameworks */ = {
			isa = PBXShellScriptBuildPhase;
			buildActionMask = 2147483647;
			files = (
			);
			inputPaths = (
			);
			name = "Embed Pods Frameworks";
			outputPaths = (
			);
			runOnlyForDeploymentPostprocessing = 0;
			shellPath = /bin/sh;
			shellScript = "\"${SRCROOT}/Pods/Target Support Files/Pods/Pods-frameworks.sh\"\n";
			showEnvVarsInLog = 0;
		};
/* End PBXShellScriptBuildPhase section */

/* Begin PBXSourcesBuildPhase section */
		1E7B2F8F1CBBA78500DF7657 /* Sources */ = {
			isa = PBXSourcesBuildPhase;
			buildActionMask = 2147483647;
			files = (
				1E1A73621CBD80AD007ECEEB /* Garden.swift in Sources */,
				1E3B3AA11CBD770A00A69CDD /* CityMapViewController.swift in Sources */,
				1E6975EE1CC51ABB0096E811 /* AddVegetableViewController.swift in Sources */,
				1E7B2F971CBBA78500DF7657 /* AppDelegate.swift in Sources */,
				1E7B2FCA1CBBC8E100DF7657 /* WebServiceHandler.swift in Sources */,
				1E6975E41CC4C58E0096E811 /* Waitlist.swift in Sources */,
				1E7B2FC71CBBB16D00DF7657 /* AddUserViewController.swift in Sources */,
				1E6975E31CC4C58E0096E811 /* Vegetable.swift in Sources */,
				1E6975E21CC4C58E0096E811 /* Parcelhasvegetables.swift in Sources */,
				1E4ACE371CBED294006011C7 /* GardenListViewController.swift in Sources */,
				1E3737BB1CBFAF600097ADC1 /* City.swift in Sources */,
				1E6975F01CC51F650096E811 /* MapAnnotation.swift in Sources */,
				1E6975E61CC4CD520096E811 /* ParcelDetailViewController.swift in Sources */,
				1E6975E01CC4C58E0096E811 /* Association.swift in Sources */,
				1E6975E11CC4C58E0096E811 /* Parcel.swift in Sources */,
				1E6975E91CC500050096E811 /* ParcelTableViewCell.swift in Sources */,
				1E6975DA1CC4C11F0096E811 /* ParcelListViewController.swift in Sources */,
			);
			runOnlyForDeploymentPostprocessing = 0;
		};
		1E7B2FA31CBBA78600DF7657 /* Sources */ = {
			isa = PBXSourcesBuildPhase;
			buildActionMask = 2147483647;
			files = (
				1E7B2FAC1CBBA78600DF7657 /* WicaAppTests.swift in Sources */,
			);
			runOnlyForDeploymentPostprocessing = 0;
		};
		1E7B2FAE1CBBA78600DF7657 /* Sources */ = {
			isa = PBXSourcesBuildPhase;
			buildActionMask = 2147483647;
			files = (
				1E7B2FB71CBBA78600DF7657 /* WicaAppUITests.swift in Sources */,
			);
			runOnlyForDeploymentPostprocessing = 0;
		};
/* End PBXSourcesBuildPhase section */

/* Begin PBXTargetDependency section */
		1E7B2FA91CBBA78600DF7657 /* PBXTargetDependency */ = {
			isa = PBXTargetDependency;
			target = 1E7B2F921CBBA78500DF7657 /* WicaApp */;
			targetProxy = 1E7B2FA81CBBA78600DF7657 /* PBXContainerItemProxy */;
		};
		1E7B2FB41CBBA78600DF7657 /* PBXTargetDependency */ = {
			isa = PBXTargetDependency;
			target = 1E7B2F921CBBA78500DF7657 /* WicaApp */;
			targetProxy = 1E7B2FB31CBBA78600DF7657 /* PBXContainerItemProxy */;
		};
/* End PBXTargetDependency section */

/* Begin PBXVariantGroup section */
		1E7B2F9A1CBBA78600DF7657 /* Main.storyboard */ = {
			isa = PBXVariantGroup;
			children = (
				1E7B2F9B1CBBA78600DF7657 /* Base */,
			);
			name = Main.storyboard;
			sourceTree = "<group>";
		};
		1E7B2F9F1CBBA78600DF7657 /* LaunchScreen.storyboard */ = {
			isa = PBXVariantGroup;
			children = (
				1E7B2FA01CBBA78600DF7657 /* Base */,
			);
			name = LaunchScreen.storyboard;
			sourceTree = "<group>";
		};
/* End PBXVariantGroup section */

/* Begin XCBuildConfiguration section */
		1E7B2FB91CBBA78600DF7657 /* Debug */ = {
			isa = XCBuildConfiguration;
			buildSettings = {
				ALWAYS_SEARCH_USER_PATHS = NO;
				CLANG_ANALYZER_NONNULL = YES;
				CLANG_CXX_LANGUAGE_STANDARD = "gnu++0x";
				CLANG_CXX_LIBRARY = "libc++";
				CLANG_ENABLE_MODULES = YES;
				CLANG_ENABLE_OBJC_ARC = YES;
				CLANG_WARN_BOOL_CONVERSION = YES;
				CLANG_WARN_CONSTANT_CONVERSION = YES;
				CLANG_WARN_DIRECT_OBJC_ISA_USAGE = YES_ERROR;
				CLANG_WARN_EMPTY_BODY = YES;
				CLANG_WARN_ENUM_CONVERSION = YES;
				CLANG_WARN_INT_CONVERSION = YES;
				CLANG_WARN_OBJC_ROOT_CLASS = YES_ERROR;
				CLANG_WARN_UNREACHABLE_CODE = YES;
				CLANG_WARN__DUPLICATE_METHOD_MATCH = YES;
				"CODE_SIGN_IDENTITY[sdk=iphoneos*]" = "iPhone Developer";
				COPY_PHASE_STRIP = NO;
				DEBUG_INFORMATION_FORMAT = dwarf;
				ENABLE_STRICT_OBJC_MSGSEND = YES;
				ENABLE_TESTABILITY = YES;
				GCC_C_LANGUAGE_STANDARD = gnu99;
				GCC_DYNAMIC_NO_PIC = NO;
				GCC_NO_COMMON_BLOCKS = YES;
				GCC_OPTIMIZATION_LEVEL = 0;
				GCC_PREPROCESSOR_DEFINITIONS = (
					"DEBUG=1",
					"$(inherited)",
				);
				GCC_WARN_64_TO_32_BIT_CONVERSION = YES;
				GCC_WARN_ABOUT_RETURN_TYPE = YES_ERROR;
				GCC_WARN_UNDECLARED_SELECTOR = YES;
				GCC_WARN_UNINITIALIZED_AUTOS = YES_AGGRESSIVE;
				GCC_WARN_UNUSED_FUNCTION = YES;
				GCC_WARN_UNUSED_VARIABLE = YES;
				IPHONEOS_DEPLOYMENT_TARGET = 9.3;
				MTL_ENABLE_DEBUG_INFO = YES;
				ONLY_ACTIVE_ARCH = YES;
				SDKROOT = iphoneos;
				SWIFT_OPTIMIZATION_LEVEL = "-Onone";
			};
			name = Debug;
		};
		1E7B2FBA1CBBA78600DF7657 /* Release */ = {
			isa = XCBuildConfiguration;
			buildSettings = {
				ALWAYS_SEARCH_USER_PATHS = NO;
				CLANG_ANALYZER_NONNULL = YES;
				CLANG_CXX_LANGUAGE_STANDARD = "gnu++0x";
				CLANG_CXX_LIBRARY = "libc++";
				CLANG_ENABLE_MODULES = YES;
				CLANG_ENABLE_OBJC_ARC = YES;
				CLANG_WARN_BOOL_CONVERSION = YES;
				CLANG_WARN_CONSTANT_CONVERSION = YES;
				CLANG_WARN_DIRECT_OBJC_ISA_USAGE = YES_ERROR;
				CLANG_WARN_EMPTY_BODY = YES;
				CLANG_WARN_ENUM_CONVERSION = YES;
				CLANG_WARN_INT_CONVERSION = YES;
				CLANG_WARN_OBJC_ROOT_CLASS = YES_ERROR;
				CLANG_WARN_UNREACHABLE_CODE = YES;
				CLANG_WARN__DUPLICATE_METHOD_MATCH = YES;
				"CODE_SIGN_IDENTITY[sdk=iphoneos*]" = "iPhone Developer";
				COPY_PHASE_STRIP = NO;
				DEBUG_INFORMATION_FORMAT = "dwarf-with-dsym";
				ENABLE_NS_ASSERTIONS = NO;
				ENABLE_STRICT_OBJC_MSGSEND = YES;
				GCC_C_LANGUAGE_STANDARD = gnu99;
				GCC_NO_COMMON_BLOCKS = YES;
				GCC_WARN_64_TO_32_BIT_CONVERSION = YES;
				GCC_WARN_ABOUT_RETURN_TYPE = YES_ERROR;
				GCC_WARN_UNDECLARED_SELECTOR = YES;
				GCC_WARN_UNINITIALIZED_AUTOS = YES_AGGRESSIVE;
				GCC_WARN_UNUSED_FUNCTION = YES;
				GCC_WARN_UNUSED_VARIABLE = YES;
				IPHONEOS_DEPLOYMENT_TARGET = 9.3;
				MTL_ENABLE_DEBUG_INFO = NO;
				SDKROOT = iphoneos;
				VALIDATE_PRODUCT = YES;
			};
			name = Release;
		};
		1E7B2FBC1CBBA78600DF7657 /* Debug */ = {
			isa = XCBuildConfiguration;
			baseConfigurationReference = 6DB39D369B7DA439D060D169 /* Pods.debug.xcconfig */;
			buildSettings = {
				ASSETCATALOG_COMPILER_APPICON_NAME = AppIcon;
				INFOPLIST_FILE = WicaApp/Info.plist;
				LD_RUNPATH_SEARCH_PATHS = "$(inherited) @executable_path/Frameworks";
				PRODUCT_BUNDLE_IDENTIFIER = com.johannberthet.WicaApp;
				PRODUCT_NAME = "$(TARGET_NAME)";
			};
			name = Debug;
		};
		1E7B2FBD1CBBA78600DF7657 /* Release */ = {
			isa = XCBuildConfiguration;
			baseConfigurationReference = 4542F102AD312FD35E3985EE /* Pods.release.xcconfig */;
			buildSettings = {
				ASSETCATALOG_COMPILER_APPICON_NAME = AppIcon;
				INFOPLIST_FILE = WicaApp/Info.plist;
				LD_RUNPATH_SEARCH_PATHS = "$(inherited) @executable_path/Frameworks";
				PRODUCT_BUNDLE_IDENTIFIER = com.johannberthet.WicaApp;
				PRODUCT_NAME = "$(TARGET_NAME)";
			};
			name = Release;
		};
		1E7B2FBF1CBBA78600DF7657 /* Debug */ = {
			isa = XCBuildConfiguration;
			buildSettings = {
				BUNDLE_LOADER = "$(TEST_HOST)";
				INFOPLIST_FILE = WicaAppTests/Info.plist;
				LD_RUNPATH_SEARCH_PATHS = "$(inherited) @executable_path/Frameworks @loader_path/Frameworks";
				PRODUCT_BUNDLE_IDENTIFIER = com.johannberthet.WicaAppTests;
				PRODUCT_NAME = "$(TARGET_NAME)";
				TEST_HOST = "$(BUILT_PRODUCTS_DIR)/WicaApp.app/WicaApp";
			};
			name = Debug;
		};
		1E7B2FC01CBBA78600DF7657 /* Release */ = {
			isa = XCBuildConfiguration;
			buildSettings = {
				BUNDLE_LOADER = "$(TEST_HOST)";
				INFOPLIST_FILE = WicaAppTests/Info.plist;
				LD_RUNPATH_SEARCH_PATHS = "$(inherited) @executable_path/Frameworks @loader_path/Frameworks";
				PRODUCT_BUNDLE_IDENTIFIER = com.johannberthet.WicaAppTests;
				PRODUCT_NAME = "$(TARGET_NAME)";
				TEST_HOST = "$(BUILT_PRODUCTS_DIR)/WicaApp.app/WicaApp";
			};
			name = Release;
		};
		1E7B2FC21CBBA78600DF7657 /* Debug */ = {
			isa = XCBuildConfiguration;
			buildSettings = {
				INFOPLIST_FILE = WicaAppUITests/Info.plist;
				LD_RUNPATH_SEARCH_PATHS = "$(inherited) @executable_path/Frameworks @loader_path/Frameworks";
				PRODUCT_BUNDLE_IDENTIFIER = com.johannberthet.WicaAppUITests;
				PRODUCT_NAME = "$(TARGET_NAME)";
				TEST_TARGET_NAME = WicaApp;
			};
			name = Debug;
		};
		1E7B2FC31CBBA78600DF7657 /* Release */ = {
			isa = XCBuildConfiguration;
			buildSettings = {
				INFOPLIST_FILE = WicaAppUITests/Info.plist;
				LD_RUNPATH_SEARCH_PATHS = "$(inherited) @executable_path/Frameworks @loader_path/Frameworks";
				PRODUCT_BUNDLE_IDENTIFIER = com.johannberthet.WicaAppUITests;
				PRODUCT_NAME = "$(TARGET_NAME)";
				TEST_TARGET_NAME = WicaApp;
			};
			name = Release;
		};
/* End XCBuildConfiguration section */

/* Begin XCConfigurationList section */
		1E7B2F8E1CBBA78500DF7657 /* Build configuration list for PBXProject "WicaApp" */ = {
			isa = XCConfigurationList;
			buildConfigurations = (
				1E7B2FB91CBBA78600DF7657 /* Debug */,
				1E7B2FBA1CBBA78600DF7657 /* Release */,
			);
			defaultConfigurationIsVisible = 0;
			defaultConfigurationName = Release;
		};
		1E7B2FBB1CBBA78600DF7657 /* Build configuration list for PBXNativeTarget "WicaApp" */ = {
			isa = XCConfigurationList;
			buildConfigurations = (
				1E7B2FBC1CBBA78600DF7657 /* Debug */,
				1E7B2FBD1CBBA78600DF7657 /* Release */,
			);
			defaultConfigurationIsVisible = 0;
			defaultConfigurationName = Release;
		};
		1E7B2FBE1CBBA78600DF7657 /* Build configuration list for PBXNativeTarget "WicaAppTests" */ = {
			isa = XCConfigurationList;
			buildConfigurations = (
				1E7B2FBF1CBBA78600DF7657 /* Debug */,
				1E7B2FC01CBBA78600DF7657 /* Release */,
			);
			defaultConfigurationIsVisible = 0;
			defaultConfigurationName = Release;
		};
		1E7B2FC11CBBA78600DF7657 /* Build configuration list for PBXNativeTarget "WicaAppUITests" */ = {
			isa = XCConfigurationList;
			buildConfigurations = (
				1E7B2FC21CBBA78600DF7657 /* Debug */,
				1E7B2FC31CBBA78600DF7657 /* Release */,
			);
			defaultConfigurationIsVisible = 0;
			defaultConfigurationName = Release;
		};
/* End XCConfigurationList section */
	};
	rootObject = 1E7B2F8B1CBBA78500DF7657 /* Project object */;
}
